
Microsoft Visual Studio Solution File, Format Version 12.00
# Visual Studio Version 17
VisualStudioVersion = 17.6.33723.286
MinimumVisualStudioVersion = 10.0.40219.1
Project("{9A19103F-16F7-4668-BE54-9A1E7A4F7556}") = "BasicCodingConsole", "BasicCodingConsole\BasicCodingConsole.csproj", "{516129E2-4C37-4D05-BB67-C9B957C10336}"
EndProject
Project("{9A19103F-16F7-4668-BE54-9A1E7A4F7556}") = "BasicCodingLibrary", "BasicCodingLibrary\BasicCodingLibrary.csproj", "{0700DE0B-1958-4A09-9155-D9FF19E3A7B0}"
EndProject
Project("{9A19103F-16F7-4668-BE54-9A1E7A4F7556}") = "BasicCodingWpf", "BasicCodingWpf\BasicCodingWpf.csproj", "{E4219134-DC6A-4C99-B534-BA3B6A91C807}"
EndProject
Project("{FAE04EC0-301F-11D3-BF4B-00C04F79EFBC}") = "BasicCodingTest", "BasicCodingTest\BasicCodingTest.csproj", "{E9B9BCC7-559E-4E12-8EA3-0A9F47D9A246}"
EndProject
Global
	GlobalSection(SolutionConfigurationPlatforms) = preSolution
		Debug|Any CPU = Debug|Any CPU
		Release|Any CPU = Release|Any CPU
	EndGlobalSection
	GlobalSection(ProjectConfigurationPlatforms) = postSolution
		{516129E2-4C37-4D05-BB67-C9B957C10336}.Debug|Any CPU.ActiveCfg = Debug|Any CPU
		{516129E2-4C37-4D05-BB67-C9B957C10336}.Debug|Any CPU.Build.0 = Debug|Any CPU
		{516129E2-4C37-4D05-BB67-C9B957C10336}.Release|Any CPU.ActiveCfg = Release|Any CPU
		{516129E2-4C37-4D05-BB67-C9B957C10336}.Release|Any CPU.Build.0 = Release|Any CPU
		{0700DE0B-1958-4A09-9155-D9FF19E3A7B0}.Debug|Any CPU.ActiveCfg = Debug|Any CPU
		{0700DE0B-1958-4A09-9155-D9FF19E3A7B0}.Debug|Any CPU.Build.0 = Debug|Any CPU
		{0700DE0B-1958-4A09-9155-D9FF19E3A7B0}.Release|Any CPU.ActiveCfg = Release|Any CPU
		{0700DE0B-1958-4A09-9155-D9FF19E3A7B0}.Release|Any CPU.Build.0 = Release|Any CPU
		{E4219134-DC6A-4C99-B534-BA3B6A91C807}.Debug|Any CPU.ActiveCfg = Debug|Any CPU
		{E4219134-DC6A-4C99-B534-BA3B6A91C807}.Debug|Any CPU.Build.0 = Debug|Any CPU
		{E4219134-DC6A-4C99-B534-BA3B6A91C807}.Release|Any CPU.ActiveCfg = Release|Any CPU
		{E4219134-DC6A-4C99-B534-BA3B6A91C807}.Release|Any CPU.Build.0 = Release|Any CPU
		{E9B9BCC7-559E-4E12-8EA3-0A9F47D9A246}.Debug|Any CPU.ActiveCfg = Debug|Any CPU
		{E9B9BCC7-559E-4E12-8EA3-0A9F47D9A246}.Debug|Any CPU.Build.0 = Debug|Any CPU
		{E9B9BCC7-559E-4E12-8EA3-0A9F47D9A246}.Release|Any CPU.ActiveCfg = Release|Any CPU
		{E9B9BCC7-559E-4E12-8EA3-0A9F47D9A246}.Release|Any CPU.Build.0 = Release|Any CPU
	EndGlobalSection
	GlobalSection(SolutionProperties) = preSolution
		HideSolutionNode = FALSE
	EndGlobalSection
	GlobalSection(ExtensibilityGlobals) = postSolution
		SolutionGuid = {D6DBE9DC-C014-4B0E-A2CF-F941D4FC44FB}
	EndGlobalSection
EndGlobal
